
Microsoft Visual Studio Solution File, Format Version 12.00
# Visual Studio 2012
Project("{FAE04EC0-301F-11D3-BF4B-00C04F79EFBC}") = "YapıcıMetotAsiriYukleme", "YapıcıMetotAsiriYukleme\YapıcıMetotAsiriYukleme.csproj", "{8DFEC3C9-CF18-44AC-BC3E-A181374F8873}"
EndProject
Global
	GlobalSection(SolutionConfigurationPlatforms) = preSolution
		Debug|Any CPU = Debug|Any CPU
		Release|Any CPU = Release|Any CPU
	EndGlobalSection
	GlobalSection(ProjectConfigurationPlatforms) = postSolution
		{8DFEC3C9-CF18-44AC-BC3E-A181374F8873}.Debug|Any CPU.ActiveCfg = Debug|Any CPU
		{8DFEC3C9-CF18-44AC-BC3E-A181374F8873}.Debug|Any CPU.Build.0 = Debug|Any CPU
		{8DFEC3C9-CF18-44AC-BC3E-A181374F8873}.Release|Any CPU.ActiveCfg = Release|Any CPU
		{8DFEC3C9-CF18-44AC-BC3E-A181374F8873}.Release|Any CPU.Build.0 = Release|Any CPU
	EndGlobalSection
	GlobalSection(SolutionProperties) = preSolution
		HideSolutionNode = FALSE
	EndGlobalSection
EndGlobal
